
Microsoft Visual Studio Solution File, Format Version 12.00
# Visual Studio Version 17
VisualStudioVersion = 17.3.32804.467
MinimumVisualStudioVersion = 10.0.40219.1
Project("{9A19103F-16F7-4668-BE54-9A1E7A4F7556}") = "MinimalAPI", "MinimalAPI.csproj", "{905B7CBB-C1FD-47D0-8A21-E33D63D67E4B}"
EndProject
Global
	GlobalSection(SolutionConfigurationPlatforms) = preSolution
		Debug|Any CPU = Debug|Any CPU
		Release|Any CPU = Release|Any CPU
	EndGlobalSection
	GlobalSection(ProjectConfigurationPlatforms) = postSolution
		{905B7CBB-C1FD-47D0-8A21-E33D63D67E4B}.Debug|Any CPU.ActiveCfg = Debug|Any CPU
		{905B7CBB-C1FD-47D0-8A21-E33D63D67E4B}.Debug|Any CPU.Build.0 = Debug|Any CPU
		{905B7CBB-C1FD-47D0-8A21-E33D63D67E4B}.Release|Any CPU.ActiveCfg = Release|Any CPU
		{905B7CBB-C1FD-47D0-8A21-E33D63D67E4B}.Release|Any CPU.Build.0 = Release|Any CPU
	EndGlobalSection
	GlobalSection(SolutionProperties) = preSolution
		HideSolutionNode = FALSE
	EndGlobalSection
	GlobalSection(ExtensibilityGlobals) = postSolution
		SolutionGuid = {FB7DC627-0705-4A20-97D5-1C16FDE179B2}
	EndGlobalSection
EndGlobal
